
Microsoft Visual Studio Solution File, Format Version 12.00
# Visual Studio Version 17
VisualStudioVersion = 17.9.34728.123
MinimumVisualStudioVersion = 10.0.40219.1
Project("{9A19103F-16F7-4668-BE54-9A1E7A4F7556}") = "ConexaoMQTT", "ConexaoMQTT\ConexaoMQTT.csproj", "{6EF303FC-1AC9-4D99-8523-53896EBBB7BC}"
EndProject
Project("{FAE04EC0-301F-11D3-BF4B-00C04F79EFBC}") = "Banana.UI", "Banana.UI\Banana.UI.csproj", "{4972BC35-CE28-48F2-970E-3F31EC7E6818}"
EndProject
Global
	GlobalSection(SolutionConfigurationPlatforms) = preSolution
		Debug|Any CPU = Debug|Any CPU
		Release|Any CPU = Release|Any CPU
	EndGlobalSection
	GlobalSection(ProjectConfigurationPlatforms) = postSolution
		{6EF303FC-1AC9-4D99-8523-53896EBBB7BC}.Debug|Any CPU.ActiveCfg = Debug|Any CPU
		{6EF303FC-1AC9-4D99-8523-53896EBBB7BC}.Debug|Any CPU.Build.0 = Debug|Any CPU
		{6EF303FC-1AC9-4D99-8523-53896EBBB7BC}.Release|Any CPU.ActiveCfg = Release|Any CPU
		{6EF303FC-1AC9-4D99-8523-53896EBBB7BC}.Release|Any CPU.Build.0 = Release|Any CPU
		{4972BC35-CE28-48F2-970E-3F31EC7E6818}.Debug|Any CPU.ActiveCfg = Debug|Any CPU
		{4972BC35-CE28-48F2-970E-3F31EC7E6818}.Debug|Any CPU.Build.0 = Debug|Any CPU
		{4972BC35-CE28-48F2-970E-3F31EC7E6818}.Release|Any CPU.ActiveCfg = Release|Any CPU
		{4972BC35-CE28-48F2-970E-3F31EC7E6818}.Release|Any CPU.Build.0 = Release|Any CPU
	EndGlobalSection
	GlobalSection(SolutionProperties) = preSolution
		HideSolutionNode = FALSE
	EndGlobalSection
	GlobalSection(ExtensibilityGlobals) = postSolution
		SolutionGuid = {30BDFD71-BAF5-4F6A-8D8A-53BD59A0A9BF}
	EndGlobalSection
EndGlobal
